// !$*UTF8*$!
{
	archiveVersion = 1;
	classes = {
	};
	objectVersion = 46;
	objects = {

/* Begin PBXBuildFile section */
		FA3E367D1828F0B300E2C5A4 /* Foundation.framework in Frameworks */ = {isa = PBXBuildFile; fileRef = FA3E367C1828F0B300E2C5A4 /* Foundation.framework */; };
		FA3E367F1828F0B300E2C5A4 /* CoreGraphics.framework in Frameworks */ = {isa = PBXBuildFile; fileRef = FA3E367E1828F0B300E2C5A4 /* CoreGraphics.framework */; };
		FA3E36811828F0B300E2C5A4 /* UIKit.framework in Frameworks */ = {isa = PBXBuildFile; fileRef = FA3E36801828F0B300E2C5A4 /* UIKit.framework */; };
		FA3E36871828F0B300E2C5A4 /* InfoPlist.strings in Resources */ = {isa = PBXBuildFile; fileRef = FA3E36851828F0B300E2C5A4 /* InfoPlist.strings */; };
		FA3E36891828F0B300E2C5A4 /* main.m in Sources */ = {isa = PBXBuildFile; fileRef = FA3E36881828F0B300E2C5A4 /* main.m */; };
		FA3E368D1828F0B300E2C5A4 /* AOTAppDelegate.m in Sources */ = {isa = PBXBuildFile; fileRef = FA3E368C1828F0B300E2C5A4 /* AOTAppDelegate.m */; };
		FA3E368F1828F0B300E2C5A4 /* Images.xcassets in Resources */ = {isa = PBXBuildFile; fileRef = FA3E368E1828F0B300E2C5A4 /* Images.xcassets */; };
		FA3E36961828F0B300E2C5A4 /* XCTest.framework in Frameworks */ = {isa = PBXBuildFile; fileRef = FA3E36951828F0B300E2C5A4 /* XCTest.framework */; };
		FA3E36971828F0B300E2C5A4 /* Foundation.framework in Frameworks */ = {isa = PBXBuildFile; fileRef = FA3E367C1828F0B300E2C5A4 /* Foundation.framework */; };
		FA3E36981828F0B300E2C5A4 /* UIKit.framework in Frameworks */ = {isa = PBXBuildFile; fileRef = FA3E36801828F0B300E2C5A4 /* UIKit.framework */; };
		FA3E36A01828F0B300E2C5A4 /* InfoPlist.strings in Resources */ = {isa = PBXBuildFile; fileRef = FA3E369E1828F0B300E2C5A4 /* InfoPlist.strings */; };
		FA3E36A21828F0B300E2C5A4 /* AOTToolkitDemoTests.m in Sources */ = {isa = PBXBuildFile; fileRef = FA3E36A11828F0B300E2C5A4 /* AOTToolkitDemoTests.m */; };
		FA3E36B51828F2E300E2C5A4 /* libAOTToolkit.a in Frameworks */ = {isa = PBXBuildFile; fileRef = FA3E36B41828F2E300E2C5A4 /* libAOTToolkit.a */; };
/* End PBXBuildFile section */

/* Begin PBXContainerItemProxy section */
		FA3E36991828F0B300E2C5A4 /* PBXContainerItemProxy */ = {
			isa = PBXContainerItemProxy;
			containerPortal = FA3E36711828F0B300E2C5A4 /* Project object */;
			proxyType = 1;
			remoteGlobalIDString = FA3E36781828F0B300E2C5A4;
			remoteInfo = AOTToolkitDemo;
		};
/* End PBXContainerItemProxy section */

/* Begin PBXFileReference section */
		FA3E36791828F0B300E2C5A4 /* AOTToolkitDemo.app */ = {isa = PBXFileReference; explicitFileType = wrapper.application; includeInIndex = 0; path = AOTToolkitDemo.app; sourceTree = BUILT_PRODUCTS_DIR; };
		FA3E367C1828F0B300E2C5A4 /* Foundation.framework */ = {isa = PBXFileReference; lastKnownFileType = wrapper.framework; name = Foundation.framework; path = System/Library/Frameworks/Foundation.framework; sourceTree = SDKROOT; };
		FA3E367E1828F0B300E2C5A4 /* CoreGraphics.framework */ = {isa = PBXFileReference; lastKnownFileType = wrapper.framework; name = CoreGraphics.framework; path = System/Library/Frameworks/CoreGraphics.framework; sourceTree = SDKROOT; };
		FA3E36801828F0B300E2C5A4 /* UIKit.framework */ = {isa = PBXFileReference; lastKnownFileType = wrapper.framework; name = UIKit.framework; path = System/Library/Frameworks/UIKit.framework; sourceTree = SDKROOT; };
		FA3E36841828F0B300E2C5A4 /* AOTToolkitDemo-Info.plist */ = {isa = PBXFileReference; lastKnownFileType = text.plist.xml; path = "AOTToolkitDemo-Info.plist"; sourceTree = "<group>"; };
		FA3E36861828F0B300E2C5A4 /* en */ = {isa = PBXFileReference; lastKnownFileType = text.plist.strings; name = en; path = en.lproj/InfoPlist.strings; sourceTree = "<group>"; };
		FA3E36881828F0B300E2C5A4 /* main.m */ = {isa = PBXFileReference; lastKnownFileType = sourcecode.c.objc; path = main.m; sourceTree = "<group>"; };
		FA3E368A1828F0B300E2C5A4 /* AOTToolkitDemo-Prefix.pch */ = {isa = PBXFileReference; lastKnownFileType = sourcecode.c.h; path = "AOTToolkitDemo-Prefix.pch"; sourceTree = "<group>"; };
		FA3E368B1828F0B300E2C5A4 /* AOTAppDelegate.h */ = {isa = PBXFileReference; lastKnownFileType = sourcecode.c.h; path = AOTAppDelegate.h; sourceTree = "<group>"; };
		FA3E368C1828F0B300E2C5A4 /* AOTAppDelegate.m */ = {isa = PBXFileReference; lastKnownFileType = sourcecode.c.objc; path = AOTAppDelegate.m; sourceTree = "<group>"; };
		FA3E368E1828F0B300E2C5A4 /* Images.xcassets */ = {isa = PBXFileReference; lastKnownFileType = folder.assetcatalog; path = Images.xcassets; sourceTree = "<group>"; };
		FA3E36941828F0B300E2C5A4 /* AOTToolkitDemoTests.xctest */ = {isa = PBXFileReference; explicitFileType = wrapper.cfbundle; includeInIndex = 0; path = AOTToolkitDemoTests.xctest; sourceTree = BUILT_PRODUCTS_DIR; };
		FA3E36951828F0B300E2C5A4 /* XCTest.framework */ = {isa = PBXFileReference; lastKnownFileType = wrapper.framework; name = XCTest.framework; path = Library/Frameworks/XCTest.framework; sourceTree = DEVELOPER_DIR; };
		FA3E369D1828F0B300E2C5A4 /* AOTToolkitDemoTests-Info.plist */ = {isa = PBXFileReference; lastKnownFileType = text.plist.xml; path = "AOTToolkitDemoTests-Info.plist"; sourceTree = "<group>"; };
		FA3E369F1828F0B300E2C5A4 /* en */ = {isa = PBXFileReference; lastKnownFileType = text.plist.strings; name = en; path = en.lproj/InfoPlist.strings; sourceTree = "<group>"; };
		FA3E36A11828F0B300E2C5A4 /* AOTToolkitDemoTests.m */ = {isa = PBXFileReference; lastKnownFileType = sourcecode.c.objc; path = AOTToolkitDemoTests.m; sourceTree = "<group>"; };
		FA3E36B41828F2E300E2C5A4 /* libAOTToolkit.a */ = {isa = PBXFileReference; lastKnownFileType = file; name = libAOTToolkit.a; path = "../build/Debug-iphoneos/libAOTToolkit.a"; sourceTree = "<group>"; };
/* End PBXFileReference section */

/* Begin PBXFrameworksBuildPhase section */
		FA3E36761828F0B300E2C5A4 /* Frameworks */ = {
			isa = PBXFrameworksBuildPhase;
			buildActionMask = 2147483647;
			files = (
				FA3E36B51828F2E300E2C5A4 /* libAOTToolkit.a in Frameworks */,
				FA3E367F1828F0B300E2C5A4 /* CoreGraphics.framework in Frameworks */,
				FA3E36811828F0B300E2C5A4 /* UIKit.framework in Frameworks */,
				FA3E367D1828F0B300E2C5A4 /* Foundation.framework in Frameworks */,
			);
			runOnlyForDeploymentPostprocessing = 0;
		};
		FA3E36911828F0B300E2C5A4 /* Frameworks */ = {
			isa = PBXFrameworksBuildPhase;
			buildActionMask = 2147483647;
			files = (
				FA3E36961828F0B300E2C5A4 /* XCTest.framework in Frameworks */,
				FA3E36981828F0B300E2C5A4 /* UIKit.framework in Frameworks */,
				FA3E36971828F0B300E2C5A4 /* Foundation.framework in Frameworks */,
			);
			runOnlyForDeploymentPostprocessing = 0;
		};
/* End PBXFrameworksBuildPhase section */

/* Begin PBXGroup section */
		FA3E36701828F0B300E2C5A4 = {
			isa = PBXGroup;
			children = (
				FA3E36821828F0B300E2C5A4 /* AOTToolkitDemo */,
				FA3E369B1828F0B300E2C5A4 /* AOTToolkitDemoTests */,
				FA3E367B1828F0B300E2C5A4 /* Frameworks */,
				FA3E367A1828F0B300E2C5A4 /* Products */,
			);
			sourceTree = "<group>";
		};
		FA3E367A1828F0B300E2C5A4 /* Products */ = {
			isa = PBXGroup;
			children = (
				FA3E36791828F0B300E2C5A4 /* AOTToolkitDemo.app */,
				FA3E36941828F0B300E2C5A4 /* AOTToolkitDemoTests.xctest */,
			);
			name = Products;
			sourceTree = "<group>";
		};
		FA3E367B1828F0B300E2C5A4 /* Frameworks */ = {
			isa = PBXGroup;
			children = (
				FA3E36B41828F2E300E2C5A4 /* libAOTToolkit.a */,
				FA3E367C1828F0B300E2C5A4 /* Foundation.framework */,
				FA3E367E1828F0B300E2C5A4 /* CoreGraphics.framework */,
				FA3E36801828F0B300E2C5A4 /* UIKit.framework */,
				FA3E36951828F0B300E2C5A4 /* XCTest.framework */,
			);
			name = Frameworks;
			sourceTree = "<group>";
		};
		FA3E36821828F0B300E2C5A4 /* AOTToolkitDemo */ = {
			isa = PBXGroup;
			children = (
				FA3E368B1828F0B300E2C5A4 /* AOTAppDelegate.h */,
				FA3E368C1828F0B300E2C5A4 /* AOTAppDelegate.m */,
				FA3E368E1828F0B300E2C5A4 /* Images.xcassets */,
				FA3E36831828F0B300E2C5A4 /* Supporting Files */,
			);
			path = AOTToolkitDemo;
			sourceTree = "<group>";
		};
		FA3E36831828F0B300E2C5A4 /* Supporting Files */ = {
			isa = PBXGroup;
			children = (
				FA3E36841828F0B300E2C5A4 /* AOTToolkitDemo-Info.plist */,
				FA3E36851828F0B300E2C5A4 /* InfoPlist.strings */,
				FA3E36881828F0B300E2C5A4 /* main.m */,
				FA3E368A1828F0B300E2C5A4 /* AOTToolkitDemo-Prefix.pch */,
			);
			name = "Supporting Files";
			sourceTree = "<group>";
		};
		FA3E369B1828F0B300E2C5A4 /* AOTToolkitDemoTests */ = {
			isa = PBXGroup;
			children = (
				FA3E36A11828F0B300E2C5A4 /* AOTToolkitDemoTests.m */,
				FA3E369C1828F0B300E2C5A4 /* Supporting Files */,
			);
			path = AOTToolkitDemoTests;
			sourceTree = "<group>";
		};
		FA3E369C1828F0B300E2C5A4 /* Supporting Files */ = {
			isa = PBXGroup;
			children = (
				FA3E369D1828F0B300E2C5A4 /* AOTToolkitDemoTests-Info.plist */,
				FA3E369E1828F0B300E2C5A4 /* InfoPlist.strings */,
			);
			name = "Supporting Files";
			sourceTree = "<group>";
		};
/* End PBXGroup section */

/* Begin PBXNativeTarget section */
		FA3E36781828F0B300E2C5A4 /* AOTToolkitDemo */ = {
			isa = PBXNativeTarget;
			buildConfigurationList = FA3E36A51828F0B300E2C5A4 /* Build configuration list for PBXNativeTarget "AOTToolkitDemo" */;
			buildPhases = (
				FA3E36751828F0B300E2C5A4 /* Sources */,
				FA3E36761828F0B300E2C5A4 /* Frameworks */,
				FA3E36771828F0B300E2C5A4 /* Resources */,
			);
			buildRules = (
			);
			dependencies = (
			);
			name = AOTToolkitDemo;
			productName = AOTToolkitDemo;
			productReference = FA3E36791828F0B300E2C5A4 /* AOTToolkitDemo.app */;
			productType = "com.apple.product-type.application";
		};
		FA3E36931828F0B300E2C5A4 /* AOTToolkitDemoTests */ = {
			isa = PBXNativeTarget;
			buildConfigurationList = FA3E36A81828F0B300E2C5A4 /* Build configuration list for PBXNativeTarget "AOTToolkitDemoTests" */;
			buildPhases = (
				FA3E36901828F0B300E2C5A4 /* Sources */,
				FA3E36911828F0B300E2C5A4 /* Frameworks */,
				FA3E36921828F0B300E2C5A4 /* Resources */,
			);
			buildRules = (
			);
			dependencies = (
				FA3E369A1828F0B300E2C5A4 /* PBXTargetDependency */,
			);
			name = AOTToolkitDemoTests;
			productName = AOTToolkitDemoTests;
			productReference = FA3E36941828F0B300E2C5A4 /* AOTToolkitDemoTests.xctest */;
			productType = "com.apple.product-type.bundle.unit-test";
		};
/* End PBXNativeTarget section */

/* Begin PBXProject section */
		FA3E36711828F0B300E2C5A4 /* Project object */ = {
			isa = PBXProject;
			attributes = {
				CLASSPREFIX = AOT;
				LastUpgradeCheck = 0500;
				ORGANIZATIONNAME = "Alex Manarpies";
				TargetAttributes = {
					FA3E36931828F0B300E2C5A4 = {
						TestTargetID = FA3E36781828F0B300E2C5A4;
					};
				};
			};
			buildConfigurationList = FA3E36741828F0B300E2C5A4 /* Build configuration list for PBXProject "AOTToolkitDemo" */;
			compatibilityVersion = "Xcode 3.2";
			developmentRegion = English;
			hasScannedForEncodings = 0;
			knownRegions = (
				en,
			);
			mainGroup = FA3E36701828F0B300E2C5A4;
			productRefGroup = FA3E367A1828F0B300E2C5A4 /* Products */;
			projectDirPath = "";
			projectRoot = "";
			targets = (
				FA3E36781828F0B300E2C5A4 /* AOTToolkitDemo */,
				FA3E36931828F0B300E2C5A4 /* AOTToolkitDemoTests */,
			);
		};
/* End PBXProject section */

/* Begin PBXResourcesBuildPhase section */
		FA3E36771828F0B300E2C5A4 /* Resources */ = {
			isa = PBXResourcesBuildPhase;
			buildActionMask = 2147483647;
			files = (
				FA3E36871828F0B300E2C5A4 /* InfoPlist.strings in Resources */,
				FA3E368F1828F0B300E2C5A4 /* Images.xcassets in Resources */,
			);
			runOnlyForDeploymentPostprocessing = 0;
		};
		FA3E36921828F0B300E2C5A4 /* Resources */ = {
			isa = PBXResourcesBuildPhase;
			buildActionMask = 2147483647;
			files = (
				FA3E36A01828F0B300E2C5A4 /* InfoPlist.strings in Resources */,
			);
			runOnlyForDeploymentPostprocessing = 0;
		};
/* End PBXResourcesBuildPhase section */

/* Begin PBXSourcesBuildPhase section */
		FA3E36751828F0B300E2C5A4 /* Sources */ = {
			isa = PBXSourcesBuildPhase;
			buildActionMask = 2147483647;
			files = (
				FA3E36891828F0B300E2C5A4 /* main.m in Sources */,
				FA3E368D1828F0B300E2C5A4 /* AOTAppDelegate.m in Sources */,
			);
			runOnlyForDeploymentPostprocessing = 0;
		};
		FA3E36901828F0B300E2C5A4 /* Sources */ = {
			isa = PBXSourcesBuildPhase;
			buildActionMask = 2147483647;
			files = (
				FA3E36A21828F0B300E2C5A4 /* AOTToolkitDemoTests.m in Sources */,
			);
			runOnlyForDeploymentPostprocessing = 0;
		};
/* End PBXSourcesBuildPhase section */

/* Begin PBXTargetDependency section */
		FA3E369A1828F0B300E2C5A4 /* PBXTargetDependency */ = {
			isa = PBXTargetDependency;
			target = FA3E36781828F0B300E2C5A4 /* AOTToolkitDemo */;
			targetProxy = FA3E36991828F0B300E2C5A4 /* PBXContainerItemProxy */;
		};
/* End PBXTargetDependency section */

/* Begin PBXVariantGroup section */
		FA3E36851828F0B300E2C5A4 /* InfoPlist.strings */ = {
			isa = PBXVariantGroup;
			children = (
				FA3E36861828F0B300E2C5A4 /* en */,
			);
			name = InfoPlist.strings;
			sourceTree = "<group>";
		};
		FA3E369E1828F0B300E2C5A4 /* InfoPlist.strings */ = {
			isa = PBXVariantGroup;
			children = (
				FA3E369F1828F0B300E2C5A4 /* en */,
			);
			name = InfoPlist.strings;
			sourceTree = "<group>";
		};
/* End PBXVariantGroup section */

/* Begin XCBuildConfiguration section */
		FA3E36A31828F0B300E2C5A4 /* Debug */ = {
			isa = XCBuildConfiguration;
			buildSettings = {
				ALWAYS_SEARCH_USER_PATHS = NO;
				ARCHS = "$(ARCHS_STANDARD_INCLUDING_64_BIT)";
				CLANG_CXX_LANGUAGE_STANDARD = "gnu++0x";
				CLANG_CXX_LIBRARY = "libc++";
				CLANG_ENABLE_MODULES = YES;
				CLANG_ENABLE_OBJC_ARC = YES;
				CLANG_WARN_BOOL_CONVERSION = YES;
				CLANG_WARN_CONSTANT_CONVERSION = YES;
				CLANG_WARN_DIRECT_OBJC_ISA_USAGE = YES_ERROR;
				CLANG_WARN_EMPTY_BODY = YES;
				CLANG_WARN_ENUM_CONVERSION = YES;
				CLANG_WARN_INT_CONVERSION = YES;
				CLANG_WARN_OBJC_ROOT_CLASS = YES_ERROR;
				CLANG_WARN__DUPLICATE_METHOD_MATCH = YES;
				"CODE_SIGN_IDENTITY[sdk=iphoneos*]" = "iPhone Developer";
				COPY_PHASE_STRIP = NO;
				GCC_C_LANGUAGE_STANDARD = gnu99;
				GCC_DYNAMIC_NO_PIC = NO;
				GCC_OPTIMIZATION_LEVEL = 0;
				GCC_PREPROCESSOR_DEFINITIONS = (
					"DEBUG=1",
					"$(inherited)",
				);
				GCC_SYMBOLS_PRIVATE_EXTERN = NO;
				GCC_WARN_64_TO_32_BIT_CONVERSION = YES;
				GCC_WARN_ABOUT_RETURN_TYPE = YES_ERROR;
				GCC_WARN_UNDECLARED_SELECTOR = YES;
				GCC_WARN_UNINITIALIZED_AUTOS = YES;
				GCC_WARN_UNUSED_FUNCTION = YES;
				GCC_WARN_UNUSED_VARIABLE = YES;
				IPHONEOS_DEPLOYMENT_TARGET = 7.0;
				ONLY_ACTIVE_ARCH = YES;
				SDKROOT = iphoneos;
				TARGETED_DEVICE_FAMILY = "1,2";
			};
			name = Debug;
		};
		FA3E36A41828F0B300E2C5A4 /* Release */ = {
			isa = XCBuildConfiguration;
			buildSettings = {
				ALWAYS_SEARCH_USER_PATHS = NO;
				ARCHS = "$(ARCHS_STANDARD_INCLUDING_64_BIT)";
				CLANG_CXX_LANGUAGE_STANDARD = "gnu++0x";
				CLANG_CXX_LIBRARY = "libc++";
				CLANG_ENABLE_MODULES = YES;
				CLANG_ENABLE_OBJC_ARC = YES;
				CLANG_WARN_BOOL_CONVERSION = YES;
				CLANG_WARN_CONSTANT_CONVERSION = YES;
				CLANG_WARN_DIRECT_OBJC_ISA_USAGE = YES_ERROR;
				CLANG_WARN_EMPTY_BODY = YES;
				CLANG_WARN_ENUM_CONVERSION = YES;
				CLANG_WARN_INT_CONVERSION = YES;
				CLANG_WARN_OBJC_ROOT_CLASS = YES_ERROR;
				CLANG_WARN__DUPLICATE_METHOD_MATCH = YES;
				"CODE_SIGN_IDENTITY[sdk=iphoneos*]" = "iPhone Developer";
				COPY_PHASE_STRIP = YES;
				ENABLE_NS_ASSERTIONS = NO;
				GCC_C_LANGUAGE_STANDARD = gnu99;
				GCC_WARN_64_TO_32_BIT_CONVERSION = YES;
				GCC_WARN_ABOUT_RETURN_TYPE = YES_ERROR;
				GCC_WARN_UNDECLARED_SELECTOR = YES;
				GCC_WARN_UNINITIALIZED_AUTOS = YES;
				GCC_WARN_UNUSED_FUNCTION = YES;
				GCC_WARN_UNUSED_VARIABLE = YES;
				IPHONEOS_DEPLOYMENT_TARGET = 7.0;
				SDKROOT = iphoneos;
				TARGETED_DEVICE_FAMILY = "1,2";
				VALIDATE_PRODUCT = YES;
			};
			name = Release;
		};
		FA3E36A61828F0B300E2C5A4 /* Debug */ = {
			isa = XCBuildConfiguration;
			buildSettings = {
				ASSETCATALOG_COMPILER_APPICON_NAME = AppIcon;
				ASSETCATALOG_COMPILER_LAUNCHIMAGE_NAME = LaunchImage;
				GCC_PRECOMPILE_PREFIX_HEADER = YES;
				GCC_PREFIX_HEADER = "AOTToolkitDemo/AOTToolkitDemo-Prefix.pch";
				INFOPLIST_FILE = "AOTToolkitDemo/AOTToolkitDemo-Info.plist";
				IPHONEOS_DEPLOYMENT_TARGET = 6.1;
				PRODUCT_NAME = "$(TARGET_NAME)";
				WRAPPER_EXTENSION = app;
			};
			name = Debug;
		};
		FA3E36A71828F0B300E2C5A4 /* Release */ = {
			isa = XCBuildConfiguration;
			buildSettings = {
				ASSETCATALOG_COMPILER_APPICON_NAME = AppIcon;
				ASSETCATALOG_COMPILER_LAUNCHIMAGE_NAME = LaunchImage;
				GCC_PRECOMPILE_PREFIX_HEADER = YES;
				GCC_PREFIX_HEADER = "AOTToolkitDemo/AOTToolkitDemo-Prefix.pch";
				INFOPLIST_FILE = "AOTToolkitDemo/AOTToolkitDemo-Info.plist";
				IPHONEOS_DEPLOYMENT_TARGET = 6.1;
				PRODUCT_NAME = "$(TARGET_NAME)";
				WRAPPER_EXTENSION = app;
			};
			name = Release;
		};
		FA3E36A91828F0B300E2C5A4 /* Debug */ = {
			isa = XCBuildConfiguration;
			buildSettings = {
				ARCHS = "$(ARCHS_STANDARD_INCLUDING_64_BIT)";
				BUNDLE_LOADER = "$(BUILT_PRODUCTS_DIR)/AOTToolkitDemo.app/AOTToolkitDemo";
				FRAMEWORK_SEARCH_PATHS = (
					"$(SDKROOT)/Developer/Library/Frameworks",
					"$(inherited)",
					"$(DEVELOPER_FRAMEWORKS_DIR)",
				);
				GCC_PRECOMPILE_PREFIX_HEADER = YES;
				GCC_PREFIX_HEADER = "AOTToolkitDemo/AOTToolkitDemo-Prefix.pch";
				GCC_PREPROCESSOR_DEFINITIONS = (
					"DEBUG=1",
					"$(inherited)",
				);
				INFOPLIST_FILE = "AOTToolkitDemoTests/AOTToolkitDemoTests-Info.plist";
				PRODUCT_NAME = "$(TARGET_NAME)";
				TEST_HOST = "$(BUNDLE_LOADER)";
				WRAPPER_EXTENSION = xctest;
			};
			name = Debug;
		};
		FA3E36AA1828F0B300E2C5A4 /* Release */ = {
			isa = XCBuildConfiguration;
			buildSettings = {
				ARCHS = "$(ARCHS_STANDARD_INCLUDING_64_BIT)";
				BUNDLE_LOADER = "$(BUILT_PRODUCTS_DIR)/AOTToolkitDemo.app/AOTToolkitDemo";
				FRAMEWORK_SEARCH_PATHS = (
					"$(SDKROOT)/Developer/Library/Frameworks",
					"$(inherited)",
					"$(DEVELOPER_FRAMEWORKS_DIR)",
				);
				GCC_PRECOMPILE_PREFIX_HEADER = YES;
				GCC_PREFIX_HEADER = "AOTToolkitDemo/AOTToolkitDemo-Prefix.pch";
				INFOPLIST_FILE = "AOTToolkitDemoTests/AOTToolkitDemoTests-Info.plist";
				PRODUCT_NAME = "$(TARGET_NAME)";
				TEST_HOST = "$(BUNDLE_LOADER)";
				WRAPPER_EXTENSION = xctest;
			};
			name = Release;
		};
/* End XCBuildConfiguration section */

/* Begin XCConfigurationList section */
		FA3E36741828F0B300E2C5A4 /* Build configuration list for PBXProject "AOTToolkitDemo" */ = {
			isa = XCConfigurationList;
			buildConfigurations = (
				FA3E36A31828F0B300E2C5A4 /* Debug */,
				FA3E36A41828F0B300E2C5A4 /* Release */,
			);
			defaultConfigurationIsVisible = 0;
			defaultConfigurationName = Release;
		};
		FA3E36A51828F0B300E2C5A4 /* Build configuration list for PBXNativeTarget "AOTToolkitDemo" */ = {
			isa = XCConfigurationList;
			buildConfigurations = (
				FA3E36A61828F0B300E2C5A4 /* Debug */,
				FA3E36A71828F0B300E2C5A4 /* Release */,
			);
			defaultConfigurationIsVisible = 0;
		};
		FA3E36A81828F0B300E2C5A4 /* Build configuration list for PBXNativeTarget "AOTToolkitDemoTests" */ = {
			isa = XCConfigurationList;
			buildConfigurations = (
				FA3E36A91828F0B300E2C5A4 /* Debug */,
				FA3E36AA1828F0B300E2C5A4 /* Release */,
			);
			defaultConfigurationIsVisible = 0;
		};
/* End XCConfigurationList section */
	};
	rootObject = FA3E36711828F0B300E2C5A4 /* Project object */;
}
