PODS:
  - AOTToolkit (0.1.0):
    - AOTToolkit/Crypto
    - AOTToolkit/UI
    - AOTToolkit/UICollectionView
    - AOTToolkit/Util
  - AOTToolkit/Crypto (0.1.0)
  - AOTToolkit/UI (0.1.0)
  - AOTToolkit/UICollectionView (0.1.0)
  - AOTToolkit/Util (0.1.0)

DEPENDENCIES:
  - AOTToolkit

SPEC CHECKSUMS:
  AOTToolkit: 50463a9f383e03d2fa0d5f948d0f6455f42bb571

COCOAPODS: 0.27.1
